
Microsoft Visual Studio Solution File, Format Version 12.00
# Visual Studio 14
VisualStudioVersion = 14.0.25420.1
MinimumVisualStudioVersion = 10.0.40219.1
Project("{FAE04EC0-301F-11D3-BF4B-00C04F79EFBC}") = "UILayer", "UILayer\UILayer.csproj", "{DCBE225B-01DE-4411-BD32-6D79BA0277D6}"
EndProject
Project("{FAE04EC0-301F-11D3-BF4B-00C04F79EFBC}") = "ModeLayer", "ModeLayer\ModeLayer.csproj", "{A4A9CE18-2FE3-4DB7-BD4B-2F6D63833A7B}"
EndProject
Project("{FAE04EC0-301F-11D3-BF4B-00C04F79EFBC}") = "DataLayer", "DataLayer\DataLayer.csproj", "{F9C286B0-B7E8-4D79-9CED-0070BED73D15}"
EndProject
Global
	GlobalSection(SolutionConfigurationPlatforms) = preSolution
		Debug|Any CPU = Debug|Any CPU
		Release|Any CPU = Release|Any CPU
	EndGlobalSection
	GlobalSection(ProjectConfigurationPlatforms) = postSolution
		{DCBE225B-01DE-4411-BD32-6D79BA0277D6}.Debug|Any CPU.ActiveCfg = Debug|Any CPU
		{DCBE225B-01DE-4411-BD32-6D79BA0277D6}.Debug|Any CPU.Build.0 = Debug|Any CPU
		{DCBE225B-01DE-4411-BD32-6D79BA0277D6}.Release|Any CPU.ActiveCfg = Release|Any CPU
		{DCBE225B-01DE-4411-BD32-6D79BA0277D6}.Release|Any CPU.Build.0 = Release|Any CPU
		{A4A9CE18-2FE3-4DB7-BD4B-2F6D63833A7B}.Debug|Any CPU.ActiveCfg = Debug|Any CPU
		{A4A9CE18-2FE3-4DB7-BD4B-2F6D63833A7B}.Debug|Any CPU.Build.0 = Debug|Any CPU
		{A4A9CE18-2FE3-4DB7-BD4B-2F6D63833A7B}.Release|Any CPU.ActiveCfg = Release|Any CPU
		{A4A9CE18-2FE3-4DB7-BD4B-2F6D63833A7B}.Release|Any CPU.Build.0 = Release|Any CPU
		{F9C286B0-B7E8-4D79-9CED-0070BED73D15}.Debug|Any CPU.ActiveCfg = Debug|Any CPU
		{F9C286B0-B7E8-4D79-9CED-0070BED73D15}.Debug|Any CPU.Build.0 = Debug|Any CPU
		{F9C286B0-B7E8-4D79-9CED-0070BED73D15}.Release|Any CPU.ActiveCfg = Release|Any CPU
		{F9C286B0-B7E8-4D79-9CED-0070BED73D15}.Release|Any CPU.Build.0 = Release|Any CPU
	EndGlobalSection
	GlobalSection(SolutionProperties) = preSolution
		HideSolutionNode = FALSE
	EndGlobalSection
EndGlobal
